[tool.poetry]
name = "dokumentaatio"
version = "0.1.0"
description = ""
authors = ["Vili Vanhala <vili.vanhala@outlook.com>"]

[tool.poetry.dependencies]
python = "^3.8"

[tool.poetry.dev-dependencies]

[build-system]
requires = ["poetry-core>=1.0.0"]
build-backend = "poetry.core.masonry.api"

[[package]]
name = "python-dotenv"
version = "0.19.1"
description = "Read key-value pairs from a .env file and set them as environment variables"
category = "main"
optional = false
python-versions = ">=3.5"
